
Microsoft Visual Studio Solution File, Format Version 12.00
# Visual Studio Version 17
VisualStudioVersion = 17.8.34330.188
MinimumVisualStudioVersion = 10.0.40219.1
Project("{2150E333-8FDC-42A3-9474-1A3956D46DE8}") = "Libs", "Libs", "{203C188D-430C-4423-8571-C13CD00F3927}"
EndProject
Project("{9A19103F-16F7-4668-BE54-9A1E7A4F7556}") = "Dom", "Libs\Dom\Dom.csproj", "{0CF1814D-8CE2-4140-B20F-6DCB20899373}"
EndProject
Project("{9A19103F-16F7-4668-BE54-9A1E7A4F7556}") = "AutoProject", "AutoProject\AutoProject.csproj", "{8D9C7898-49C0-4545-8756-8E4B55CC3414}"
EndProject
Global
	GlobalSection(SolutionConfigurationPlatforms) = preSolution
		Debug|Any CPU = Debug|Any CPU
		Release|Any CPU = Release|Any CPU
	EndGlobalSection
	GlobalSection(ProjectConfigurationPlatforms) = postSolution
		{0CF1814D-8CE2-4140-B20F-6DCB20899373}.Debug|Any CPU.ActiveCfg = Debug|Any CPU
		{0CF1814D-8CE2-4140-B20F-6DCB20899373}.Debug|Any CPU.Build.0 = Debug|Any CPU
		{0CF1814D-8CE2-4140-B20F-6DCB20899373}.Release|Any CPU.ActiveCfg = Release|Any CPU
		{0CF1814D-8CE2-4140-B20F-6DCB20899373}.Release|Any CPU.Build.0 = Release|Any CPU
		{8D9C7898-49C0-4545-8756-8E4B55CC3414}.Debug|Any CPU.ActiveCfg = Debug|Any CPU
		{8D9C7898-49C0-4545-8756-8E4B55CC3414}.Debug|Any CPU.Build.0 = Debug|Any CPU
		{8D9C7898-49C0-4545-8756-8E4B55CC3414}.Release|Any CPU.ActiveCfg = Release|Any CPU
		{8D9C7898-49C0-4545-8756-8E4B55CC3414}.Release|Any CPU.Build.0 = Release|Any CPU
	EndGlobalSection
	GlobalSection(SolutionProperties) = preSolution
		HideSolutionNode = FALSE
	EndGlobalSection
	GlobalSection(NestedProjects) = preSolution
		{0CF1814D-8CE2-4140-B20F-6DCB20899373} = {203C188D-430C-4423-8571-C13CD00F3927}
	EndGlobalSection
	GlobalSection(ExtensibilityGlobals) = postSolution
		SolutionGuid = {BB224E9B-9C6D-403B-9C83-B20425B0EB8F}
	EndGlobalSection
EndGlobal
